
Microsoft Visual Studio Solution File, Format Version 12.00
Project("{2150E333-8FDC-42A3-9474-1A3956D46DE8}") = "src", "src", "{360FFEA2-2656-4CA5-A9EF-7DA00D145916}"
EndProject
Project("{2150E333-8FDC-42A3-9474-1A3956D46DE8}") = "tests", "tests", "{9A4C6599-095A-4321-9FAC-EC2DE3C7BEBE}"
EndProject
Project("{2150E333-8FDC-42A3-9474-1A3956D46DE8}") = "task-1", "task-1", "{2E5951FE-50C2-4D1C-865F-5EEC9CB7847A}"
EndProject
Project("{2150E333-8FDC-42A3-9474-1A3956D46DE8}") = "task-2", "task-2", "{6415249D-A442-41C6-A050-F82A8ACDA823}"
EndProject
Project("{2150E333-8FDC-42A3-9474-1A3956D46DE8}") = "task-3", "task-3", "{0F2300D6-C7B7-4F91-8381-392926A227F7}"
EndProject
Project("{FAE04EC0-301F-11D3-BF4B-00C04F79EFBC}") = "ConfigurationLoaderService", "src\task-1\ConfigurationLoaderService\ConfigurationLoaderService.csproj", "{EDA52427-5F3C-4AF3-9A53-6F199275F988}"
EndProject
Project("{FAE04EC0-301F-11D3-BF4B-00C04F79EFBC}") = "CustomConfigurationProvider", "src\task-1\CustomConfigurationProvider\CustomConfigurationProvider.csproj", "{DA63DB68-C72A-4523-B6C6-F157E4494AAD}"
EndProject
Project("{FAE04EC0-301F-11D3-BF4B-00C04F79EFBC}") = "ProductService", "src\task-1\ProductService\ProductService.csproj", "{DAC37CFC-2D23-4CA4-93F8-1CDB19A90774}"
EndProject
Project("{FAE04EC0-301F-11D3-BF4B-00C04F79EFBC}") = "OrderWebApplication", "src\task-2\OrderWebApplication\OrderWebApplication.csproj", "{4DA986A3-44B7-4B93-9172-BCCF1AF338A9}"
EndProject
Project("{FAE04EC0-301F-11D3-BF4B-00C04F79EFBC}") = "GrpcProductService", "src\task-3\GrpcProductService\GrpcProductService.csproj", "{91AF19D4-FE7B-4C83-B5DE-1BD98812C716}"
EndProject
Project("{FAE04EC0-301F-11D3-BF4B-00C04F79EFBC}") = "Kafka", "src\task-3\Kafka\Kafka.csproj", "{EB89073C-6E88-4B28-97F1-476031405C8D}"
EndProject
Project("{FAE04EC0-301F-11D3-BF4B-00C04F79EFBC}") = "ProductServiceGateway", "src\task-3\ProductServiceGateway\ProductServiceGateway.csproj", "{B48EF2F3-6059-4D84-B77A-87CA0AC0D398}"
EndProject
Project("{FAE04EC0-301F-11D3-BF4B-00C04F79EFBC}") = "CustomProviderTests", "tests\CustomProviderTests\CustomProviderTests.csproj", "{63107CE2-D556-43F0-8AF2-05A577BAE0E0}"
EndProject
Global
	GlobalSection(SolutionConfigurationPlatforms) = preSolution
		Debug|Any CPU = Debug|Any CPU
		Release|Any CPU = Release|Any CPU
	EndGlobalSection
	GlobalSection(NestedProjects) = preSolution
		{2E5951FE-50C2-4D1C-865F-5EEC9CB7847A} = {360FFEA2-2656-4CA5-A9EF-7DA00D145916}
		{6415249D-A442-41C6-A050-F82A8ACDA823} = {360FFEA2-2656-4CA5-A9EF-7DA00D145916}
		{0F2300D6-C7B7-4F91-8381-392926A227F7} = {360FFEA2-2656-4CA5-A9EF-7DA00D145916}
		{EDA52427-5F3C-4AF3-9A53-6F199275F988} = {2E5951FE-50C2-4D1C-865F-5EEC9CB7847A}
		{DA63DB68-C72A-4523-B6C6-F157E4494AAD} = {2E5951FE-50C2-4D1C-865F-5EEC9CB7847A}
		{DAC37CFC-2D23-4CA4-93F8-1CDB19A90774} = {2E5951FE-50C2-4D1C-865F-5EEC9CB7847A}
		{4DA986A3-44B7-4B93-9172-BCCF1AF338A9} = {6415249D-A442-41C6-A050-F82A8ACDA823}
		{91AF19D4-FE7B-4C83-B5DE-1BD98812C716} = {0F2300D6-C7B7-4F91-8381-392926A227F7}
		{EB89073C-6E88-4B28-97F1-476031405C8D} = {0F2300D6-C7B7-4F91-8381-392926A227F7}
		{B48EF2F3-6059-4D84-B77A-87CA0AC0D398} = {0F2300D6-C7B7-4F91-8381-392926A227F7}
		{63107CE2-D556-43F0-8AF2-05A577BAE0E0} = {9A4C6599-095A-4321-9FAC-EC2DE3C7BEBE}
	EndGlobalSection
	GlobalSection(ProjectConfigurationPlatforms) = postSolution
		{EDA52427-5F3C-4AF3-9A53-6F199275F988}.Debug|Any CPU.ActiveCfg = Debug|Any CPU
		{EDA52427-5F3C-4AF3-9A53-6F199275F988}.Debug|Any CPU.Build.0 = Debug|Any CPU
		{EDA52427-5F3C-4AF3-9A53-6F199275F988}.Release|Any CPU.ActiveCfg = Release|Any CPU
		{EDA52427-5F3C-4AF3-9A53-6F199275F988}.Release|Any CPU.Build.0 = Release|Any CPU
		{DA63DB68-C72A-4523-B6C6-F157E4494AAD}.Debug|Any CPU.ActiveCfg = Debug|Any CPU
		{DA63DB68-C72A-4523-B6C6-F157E4494AAD}.Debug|Any CPU.Build.0 = Debug|Any CPU
		{DA63DB68-C72A-4523-B6C6-F157E4494AAD}.Release|Any CPU.ActiveCfg = Release|Any CPU
		{DA63DB68-C72A-4523-B6C6-F157E4494AAD}.Release|Any CPU.Build.0 = Release|Any CPU
		{DAC37CFC-2D23-4CA4-93F8-1CDB19A90774}.Debug|Any CPU.ActiveCfg = Debug|Any CPU
		{DAC37CFC-2D23-4CA4-93F8-1CDB19A90774}.Debug|Any CPU.Build.0 = Debug|Any CPU
		{DAC37CFC-2D23-4CA4-93F8-1CDB19A90774}.Release|Any CPU.ActiveCfg = Release|Any CPU
		{DAC37CFC-2D23-4CA4-93F8-1CDB19A90774}.Release|Any CPU.Build.0 = Release|Any CPU
		{4DA986A3-44B7-4B93-9172-BCCF1AF338A9}.Debug|Any CPU.ActiveCfg = Debug|Any CPU
		{4DA986A3-44B7-4B93-9172-BCCF1AF338A9}.Debug|Any CPU.Build.0 = Debug|Any CPU
		{4DA986A3-44B7-4B93-9172-BCCF1AF338A9}.Release|Any CPU.ActiveCfg = Release|Any CPU
		{4DA986A3-44B7-4B93-9172-BCCF1AF338A9}.Release|Any CPU.Build.0 = Release|Any CPU
		{91AF19D4-FE7B-4C83-B5DE-1BD98812C716}.Debug|Any CPU.ActiveCfg = Debug|Any CPU
		{91AF19D4-FE7B-4C83-B5DE-1BD98812C716}.Debug|Any CPU.Build.0 = Debug|Any CPU
		{91AF19D4-FE7B-4C83-B5DE-1BD98812C716}.Release|Any CPU.ActiveCfg = Release|Any CPU
		{91AF19D4-FE7B-4C83-B5DE-1BD98812C716}.Release|Any CPU.Build.0 = Release|Any CPU
		{EB89073C-6E88-4B28-97F1-476031405C8D}.Debug|Any CPU.ActiveCfg = Debug|Any CPU
		{EB89073C-6E88-4B28-97F1-476031405C8D}.Debug|Any CPU.Build.0 = Debug|Any CPU
		{EB89073C-6E88-4B28-97F1-476031405C8D}.Release|Any CPU.ActiveCfg = Release|Any CPU
		{EB89073C-6E88-4B28-97F1-476031405C8D}.Release|Any CPU.Build.0 = Release|Any CPU
		{B48EF2F3-6059-4D84-B77A-87CA0AC0D398}.Debug|Any CPU.ActiveCfg = Debug|Any CPU
		{B48EF2F3-6059-4D84-B77A-87CA0AC0D398}.Debug|Any CPU.Build.0 = Debug|Any CPU
		{B48EF2F3-6059-4D84-B77A-87CA0AC0D398}.Release|Any CPU.ActiveCfg = Release|Any CPU
		{B48EF2F3-6059-4D84-B77A-87CA0AC0D398}.Release|Any CPU.Build.0 = Release|Any CPU
		{63107CE2-D556-43F0-8AF2-05A577BAE0E0}.Debug|Any CPU.ActiveCfg = Debug|Any CPU
		{63107CE2-D556-43F0-8AF2-05A577BAE0E0}.Debug|Any CPU.Build.0 = Debug|Any CPU
		{63107CE2-D556-43F0-8AF2-05A577BAE0E0}.Release|Any CPU.ActiveCfg = Release|Any CPU
		{63107CE2-D556-43F0-8AF2-05A577BAE0E0}.Release|Any CPU.Build.0 = Release|Any CPU
	EndGlobalSection
EndGlobal
